
Microsoft Visual Studio Solution File, Format Version 12.00
# Visual Studio Version 17
VisualStudioVersion = 17.2.32630.192
MinimumVisualStudioVersion = 10.0.40219.1
Project("{FAE04EC0-301F-11D3-BF4B-00C04F79EFBC}") = "CSEjercicios", "CSEjercicios.csproj", "{E9DDBADF-77F0-4C60-9DD9-AE62C3B8134A}"
EndProject
Global
	GlobalSection(SolutionConfigurationPlatforms) = preSolution
		Debug|Any CPU = Debug|Any CPU
		Release|Any CPU = Release|Any CPU
	EndGlobalSection
	GlobalSection(ProjectConfigurationPlatforms) = postSolution
		{E9DDBADF-77F0-4C60-9DD9-AE62C3B8134A}.Debug|Any CPU.ActiveCfg = Debug|Any CPU
		{E9DDBADF-77F0-4C60-9DD9-AE62C3B8134A}.Debug|Any CPU.Build.0 = Debug|Any CPU
		{E9DDBADF-77F0-4C60-9DD9-AE62C3B8134A}.Release|Any CPU.ActiveCfg = Release|Any CPU
		{E9DDBADF-77F0-4C60-9DD9-AE62C3B8134A}.Release|Any CPU.Build.0 = Release|Any CPU
	EndGlobalSection
	GlobalSection(SolutionProperties) = preSolution
		HideSolutionNode = FALSE
	EndGlobalSection
	GlobalSection(ExtensibilityGlobals) = postSolution
		SolutionGuid = {BB87F40C-0F90-47F4-8DFE-2CA86041D139}
	EndGlobalSection
EndGlobal
